
Microsoft Visual Studio Solution File, Format Version 12.00
# Visual Studio Version 16
VisualStudioVersion = 16.0.30204.135
MinimumVisualStudioVersion = 10.0.40219.1
Project("{FAE04EC0-301F-11D3-BF4B-00C04F79EFBC}") = "client", "client\client.csproj", "{3128F358-E3A5-40A3-BF8E-82B27824B2F7}"
EndProject
Project("{FAE04EC0-301F-11D3-BF4B-00C04F79EFBC}") = "server", "server\server.csproj", "{8482DC15-FBB2-4FB4-9178-2FF7AF38780E}"
EndProject
Project("{2150E333-8FDC-42A3-9474-1A3956D46DE8}") = "proto", "proto", "{B193F008-4207-41DD-B263-EB9DC1A5BCCD}"
	ProjectSection(SolutionItems) = preProject
		greeting.proto = greeting.proto
	EndProjectSection
EndProject
Global
	GlobalSection(SolutionConfigurationPlatforms) = preSolution
		Debug|Any CPU = Debug|Any CPU
		Release|Any CPU = Release|Any CPU
	EndGlobalSection
	GlobalSection(ProjectConfigurationPlatforms) = postSolution
		{3128F358-E3A5-40A3-BF8E-82B27824B2F7}.Debug|Any CPU.ActiveCfg = Debug|Any CPU
		{3128F358-E3A5-40A3-BF8E-82B27824B2F7}.Debug|Any CPU.Build.0 = Debug|Any CPU
		{3128F358-E3A5-40A3-BF8E-82B27824B2F7}.Release|Any CPU.ActiveCfg = Release|Any CPU
		{3128F358-E3A5-40A3-BF8E-82B27824B2F7}.Release|Any CPU.Build.0 = Release|Any CPU
		{8482DC15-FBB2-4FB4-9178-2FF7AF38780E}.Debug|Any CPU.ActiveCfg = Debug|Any CPU
		{8482DC15-FBB2-4FB4-9178-2FF7AF38780E}.Debug|Any CPU.Build.0 = Debug|Any CPU
		{8482DC15-FBB2-4FB4-9178-2FF7AF38780E}.Release|Any CPU.ActiveCfg = Release|Any CPU
		{8482DC15-FBB2-4FB4-9178-2FF7AF38780E}.Release|Any CPU.Build.0 = Release|Any CPU
	EndGlobalSection
	GlobalSection(SolutionProperties) = preSolution
		HideSolutionNode = FALSE
	EndGlobalSection
	GlobalSection(ExtensibilityGlobals) = postSolution
		SolutionGuid = {CA46C9DF-4DDB-49F9-926E-150CB66941A2}
	EndGlobalSection
EndGlobal
